
Microsoft Visual Studio Solution File, Format Version 12.00
# Visual Studio Version 16
VisualStudioVersion = 16.0.29102.190
MinimumVisualStudioVersion = 10.0.40219.1
Project("{FAE04EC0-301F-11D3-BF4B-00C04F79EFBC}") = "HW1A_MurugananthaD3314", "HW1A_MurugananthaD3314\HW1A_MurugananthaD3314.csproj", "{92F218A6-A434-4043-90BE-D57910447FA6}"
EndProject
Global
	GlobalSection(SolutionConfigurationPlatforms) = preSolution
		Debug|Any CPU = Debug|Any CPU
		Release|Any CPU = Release|Any CPU
	EndGlobalSection
	GlobalSection(ProjectConfigurationPlatforms) = postSolution
		{92F218A6-A434-4043-90BE-D57910447FA6}.Debug|Any CPU.ActiveCfg = Debug|Any CPU
		{92F218A6-A434-4043-90BE-D57910447FA6}.Debug|Any CPU.Build.0 = Debug|Any CPU
		{92F218A6-A434-4043-90BE-D57910447FA6}.Release|Any CPU.ActiveCfg = Release|Any CPU
		{92F218A6-A434-4043-90BE-D57910447FA6}.Release|Any CPU.Build.0 = Release|Any CPU
	EndGlobalSection
	GlobalSection(SolutionProperties) = preSolution
		HideSolutionNode = FALSE
	EndGlobalSection
	GlobalSection(ExtensibilityGlobals) = postSolution
		SolutionGuid = {F714ADF9-E48A-4AD5-8DB8-C0F644CE9FF7}
	EndGlobalSection
EndGlobal
